// !$*UTF8*$!
{
	archiveVersion = 1;
	classes = {
	};
	objectVersion = 46;
	objects = {

/* Begin PBXGroup section */
		C123F4B41D6D7F8E0000ABE3 = {
			isa = PBXGroup;
			children = (
			);
			sourceTree = "<group>";
		};
/* End PBXGroup section */

/* Begin PBXProject section */
		C123F4B51D6D7F8E0000ABE3 /* Project object */ = {
			isa = PBXProject;
			attributes = {
				LastUpgradeCheck = 0700;
			};
			buildConfigurationList = C123F4B81D6D7F8E0000ABE3 /* Build configuration list for PBXProject "Hurrican" */;
			compatibilityVersion = "Xcode 3.2";
			developmentRegion = English;
			hasScannedForEncodings = 0;
			knownRegions = (
				en,
			);
			mainGroup = C123F4B41D6D7F8E0000ABE3;
			projectDirPath = "";
			projectRoot = "";
			targets = (
			);
		};
/* End PBXProject section */

/* Begin XCBuildConfiguration section */
		C123F4B91D6D7F8E0000ABE3 /* Debug */ = {
			isa = XCBuildConfiguration;
			buildSettings = {
			};
			name = Debug;
		};
		C123F4BA1D6D7F8E0000ABE3 /* Release */ = {
			isa = XCBuildConfiguration;
			buildSettings = {
			};
			name = Release;
		};
/* End XCBuildConfiguration section */

/* Begin XCConfigurationList section */
		C123F4B81D6D7F8E0000ABE3 /* Build configuration list for PBXProject "Hurrican" */ = {
			isa = XCConfigurationList;
			buildConfigurations = (
				C123F4B91D6D7F8E0000ABE3 /* Debug */,
				C123F4BA1D6D7F8E0000ABE3 /* Release */,
			);
			defaultConfigurationIsVisible = 0;
			defaultConfigurationName = Release;
		};
/* End XCConfigurationList section */
	};
	rootObject = C123F4B51D6D7F8E0000ABE3 /* Project object */;
}
